dependencies:
- name: postgresql
  repository: https://charts.bitnami.com/bitnami/
  version: 11.9.13
- name: common
  repository: https://charts.bitnami.com/bitnami
  version: 2.27.0
digest: sha256:29f6c4a3b351791968e3ce04f8874be2234719f4c4c8dc4bcfede343b4c86813
generated: "2025-01-17T11:07:56.204478-08:00"
